
Microsoft Visual Studio Solution File, Format Version 12.00
# Visual Studio Version 16
VisualStudioVersion = 25.0.1700.0
MinimumVisualStudioVersion = 10.0.40219.1
Project("{FAE04EC0-301F-11D3-BF4B-00C04F79EFBC}") = "CalendarExample", "CalendarExample.csproj", "{77FCA408-AF2A-46FF-B30F-58FD1E461275}"
EndProject
Global
	GlobalSection(SolutionConfigurationPlatforms) = preSolution
		Debug|Any CPU = Debug|Any CPU
		Release|Any CPU = Release|Any CPU
	EndGlobalSection
	GlobalSection(ProjectConfigurationPlatforms) = postSolution
		{77FCA408-AF2A-46FF-B30F-58FD1E461275}.Debug|Any CPU.ActiveCfg = Debug|Any CPU
		{77FCA408-AF2A-46FF-B30F-58FD1E461275}.Debug|Any CPU.Build.0 = Debug|Any CPU
		{77FCA408-AF2A-46FF-B30F-58FD1E461275}.Debug|Any CPU.Deploy.0 = Debug|Any CPU
		{77FCA408-AF2A-46FF-B30F-58FD1E461275}.Release|Any CPU.ActiveCfg = Release|Any CPU
		{77FCA408-AF2A-46FF-B30F-58FD1E461275}.Release|Any CPU.Build.0 = Release|Any CPU
		{77FCA408-AF2A-46FF-B30F-58FD1E461275}.Release|Any CPU.Deploy.0 = Release|Any CPU
	EndGlobalSection
	GlobalSection(SolutionProperties) = preSolution
		HideSolutionNode = FALSE
	EndGlobalSection
	GlobalSection(ExtensibilityGlobals) = postSolution
		SolutionGuid = {13C62260-41CC-4292-A09C-D392DB56314D}
	EndGlobalSection
EndGlobal
